lockfileVersion: '6.0'

settings:
  autoInstallPeers: true
  excludeLinksFromLockfile: false

dependencies:
  lodash.set:
    specifier: ^4.3.2
    version: 4.3.2
  requestidlecallback:
    specifier: ^0.3.0
    version: 0.3.0

packages:
  /lodash.set@4.3.2:
    resolution:
      {
        integrity: sha512-4hNPN5jlm/N/HLMCO43v8BXKq9Z7QdAGc/VGrRD61w8gN9g/6jF9A4L1pbUgBLCffi0w9VsXfTOij5x8iTyFvg==,
      }
    dev: false

  /requestidlecallback@0.3.0:
    resolution:
      {
        integrity: sha512-TWHFkT7S9p7IxLC5A1hYmAYQx2Eb9w1skrXmQ+dS1URyvR8tenMLl4lHbqEOUnpEYxNKpkVMXUgknVpBZWXXfQ==,
      }
    dev: false
